
Microsoft Visual Studio Solution File, Format Version 12.00
# Visual Studio Version 16
VisualStudioVersion = 16.0.30804.86
MinimumVisualStudioVersion = 10.0.40219.1
Project("{8BC9CEB8-8B4A-11D0-8D11-00A0C91BC942}") = "laba1.6", "laba1.6\laba1.6.vcxproj", "{B842B900-9D06-4CF0-9CF0-9A7289C4F38B}"
EndProject
Project("{8BC9CEB8-8B4A-11D0-8D11-00A0C91BC942}") = "UnitTest1", "UnitTest1\UnitTest1.vcxproj", "{22B324F5-09AA-4C59-9977-ACBC4FF844B5}"
EndProject
Global
	GlobalSection(SolutionConfigurationPlatforms) = preSolution
		Debug|x64 = Debug|x64
		Debug|x86 = Debug|x86
		Release|x64 = Release|x64
		Release|x86 = Release|x86
	EndGlobalSection
	GlobalSection(ProjectConfigurationPlatforms) = postSolution
		{B842B900-9D06-4CF0-9CF0-9A7289C4F38B}.Debug|x64.ActiveCfg = Debug|x64
		{B842B900-9D06-4CF0-9CF0-9A7289C4F38B}.Debug|x64.Build.0 = Debug|x64
		{B842B900-9D06-4CF0-9CF0-9A7289C4F38B}.Debug|x86.ActiveCfg = Debug|Win32
		{B842B900-9D06-4CF0-9CF0-9A7289C4F38B}.Debug|x86.Build.0 = Debug|Win32
		{B842B900-9D06-4CF0-9CF0-9A7289C4F38B}.Release|x64.ActiveCfg = Release|x64
		{B842B900-9D06-4CF0-9CF0-9A7289C4F38B}.Release|x64.Build.0 = Release|x64
		{B842B900-9D06-4CF0-9CF0-9A7289C4F38B}.Release|x86.ActiveCfg = Release|Win32
		{B842B900-9D06-4CF0-9CF0-9A7289C4F38B}.Release|x86.Build.0 = Release|Win32
		{22B324F5-09AA-4C59-9977-ACBC4FF844B5}.Debug|x64.ActiveCfg = Debug|x64
		{22B324F5-09AA-4C59-9977-ACBC4FF844B5}.Debug|x64.Build.0 = Debug|x64
		{22B324F5-09AA-4C59-9977-ACBC4FF844B5}.Debug|x86.ActiveCfg = Debug|Win32
		{22B324F5-09AA-4C59-9977-ACBC4FF844B5}.Debug|x86.Build.0 = Debug|Win32
		{22B324F5-09AA-4C59-9977-ACBC4FF844B5}.Release|x64.ActiveCfg = Release|x64
		{22B324F5-09AA-4C59-9977-ACBC4FF844B5}.Release|x64.Build.0 = Release|x64
		{22B324F5-09AA-4C59-9977-ACBC4FF844B5}.Release|x86.ActiveCfg = Release|Win32
		{22B324F5-09AA-4C59-9977-ACBC4FF844B5}.Release|x86.Build.0 = Release|Win32
	EndGlobalSection
	GlobalSection(SolutionProperties) = preSolution
		HideSolutionNode = FALSE
	EndGlobalSection
	GlobalSection(ExtensibilityGlobals) = postSolution
		SolutionGuid = {014C64D0-D210-48B1-A8FE-D7EB2F6F859C}
	EndGlobalSection
EndGlobal
